// !$*UTF8*$!
{
	archiveVersion = 1;
	classes = {
	};
	objectVersion = 50;
	objects = {

/* Begin PBXBuildFile section */
		18F28C91269256FB004EEDA2 /* AppDelegate.swift in Sources */ = {isa = PBXBuildFile; fileRef = 18F28C90269256FB004EEDA2 /* AppDelegate.swift */; };
		18F28C93269256FB004EEDA2 /* SceneDelegate.swift in Sources */ = {isa = PBXBuildFile; fileRef = 18F28C92269256FB004EEDA2 /* SceneDelegate.swift */; };
		18F28C95269256FB004EEDA2 /* CollectionViewController.swift in Sources */ = {isa = PBXBuildFile; fileRef = 18F28C94269256FB004EEDA2 /* CollectionViewController.swift */; };
		18F28C98269256FB004EEDA2 /* Main.storyboard in Resources */ = {isa = PBXBuildFile; fileRef = 18F28C96269256FB004EEDA2 /* Main.storyboard */; };
		18F28C9A269256FD004EEDA2 /* Assets.xcassets in Resources */ = {isa = PBXBuildFile; fileRef = 18F28C99269256FD004EEDA2 /* Assets.xcassets */; };
		18F28C9D269256FD004EEDA2 /* LaunchScreen.storyboard in Resources */ = {isa = PBXBuildFile; fileRef = 18F28C9B269256FD004EEDA2 /* LaunchScreen.storyboard */; };
		18F28CA626925AC8004EEDA2 /* LoadingReusableView.swift in Sources */ = {isa = PBXBuildFile; fileRef = 18F28CA426925AC8004EEDA2 /* LoadingReusableView.swift */; };
		18F28CA726925AC8004EEDA2 /* LoadingReusableView.xib in Resources */ = {isa = PBXBuildFile; fileRef = 18F28CA526925AC8004EEDA2 /* LoadingReusableView.xib */; };
		18F28CAA26926360004EEDA2 /* CollectionViewItemCell.swift in Sources */ = {isa = PBXBuildFile; fileRef = 18F28CA826926360004EEDA2 /* CollectionViewItemCell.swift */; };
		18F28CAB26926360004EEDA2 /* CollectionViewItemCell.xib in Resources */ = {isa = PBXBuildFile; fileRef = 18F28CA926926360004EEDA2 /* CollectionViewItemCell.xib */; };
/* End PBXBuildFile section */

/* Begin PBXFileReference section */
		18F28C8D269256FB004EEDA2 /* Prime and Fibonacci numbers.app */ = {isa = PBXFileReference; explicitFileType = wrapper.application; includeInIndex = 0; path = "Prime and Fibonacci numbers.app"; sourceTree = BUILT_PRODUCTS_DIR; };
		18F28C90269256FB004EEDA2 /* AppDelegate.swift */ = {isa = PBXFileReference; lastKnownFileType = sourcecode.swift; path = AppDelegate.swift; sourceTree = "<group>"; };
		18F28C92269256FB004EEDA2 /* SceneDelegate.swift */ = {isa = PBXFileReference; lastKnownFileType = sourcecode.swift; path = SceneDelegate.swift; sourceTree = "<group>"; };
		18F28C94269256FB004EEDA2 /* CollectionViewController.swift */ = {isa = PBXFileReference; lastKnownFileType = sourcecode.swift; path = CollectionViewController.swift; sourceTree = "<group>"; };
		18F28C97269256FB004EEDA2 /* Base */ = {isa = PBXFileReference; lastKnownFileType = file.storyboard; name = Base; path = Base.lproj/Main.storyboard; sourceTree = "<group>"; };
		18F28C99269256FD004EEDA2 /* Assets.xcassets */ = {isa = PBXFileReference; lastKnownFileType = folder.assetcatalog; path = Assets.xcassets; sourceTree = "<group>"; };
		18F28C9C269256FD004EEDA2 /* Base */ = {isa = PBXFileReference; lastKnownFileType = file.storyboard; name = Base; path = Base.lproj/LaunchScreen.storyboard; sourceTree = "<group>"; };
		18F28C9E269256FD004EEDA2 /* Info.plist */ = {isa = PBXFileReference; lastKnownFileType = text.plist.xml; path = Info.plist; sourceTree = "<group>"; };
		18F28CA426925AC8004EEDA2 /* LoadingReusableView.swift */ = {isa = PBXFileReference; lastKnownFileType = sourcecode.swift; path = LoadingReusableView.swift; sourceTree = "<group>"; };
		18F28CA526925AC8004EEDA2 /* LoadingReusableView.xib */ = {isa = PBXFileReference; lastKnownFileType = file.xib; path = LoadingReusableView.xib; sourceTree = "<group>"; };
		18F28CA826926360004EEDA2 /* CollectionViewItemCell.swift */ = {isa = PBXFileReference; lastKnownFileType = sourcecode.swift; path = CollectionViewItemCell.swift; sourceTree = "<group>"; };
		18F28CA926926360004EEDA2 /* CollectionViewItemCell.xib */ = {isa = PBXFileReference; lastKnownFileType = file.xib; path = CollectionViewItemCell.xib; sourceTree = "<group>"; };
/* End PBXFileReference section */

/* Begin PBXFrameworksBuildPhase section */
		18F28C8A269256FB004EEDA2 /* Frameworks */ = {
			isa = PBXFrameworksBuildPhase;
			buildActionMask = 2147483647;
			files = (
			);
			runOnlyForDeploymentPostprocessing = 0;
		};
/* End PBXFrameworksBuildPhase section */

/* Begin PBXGroup section */
		18F28C84269256FB004EEDA2 = {
			isa = PBXGroup;
			children = (
				18F28C8F269256FB004EEDA2 /* Prime and Fibonacci numbers */,
				18F28C8E269256FB004EEDA2 /* Products */,
			);
			sourceTree = "<group>";
		};
		18F28C8E269256FB004EEDA2 /* Products */ = {
			isa = PBXGroup;
			children = (
				18F28C8D269256FB004EEDA2 /* Prime and Fibonacci numbers.app */,
			);
			name = Products;
			sourceTree = "<group>";
		};
		18F28C8F269256FB004EEDA2 /* Prime and Fibonacci numbers */ = {
			isa = PBXGroup;
			children = (
				18F28C90269256FB004EEDA2 /* AppDelegate.swift */,
				18F28CA426925AC8004EEDA2 /* LoadingReusableView.swift */,
				18F28CA526925AC8004EEDA2 /* LoadingReusableView.xib */,
				18F28C92269256FB004EEDA2 /* SceneDelegate.swift */,
				18F28CA826926360004EEDA2 /* CollectionViewItemCell.swift */,
				18F28CA926926360004EEDA2 /* CollectionViewItemCell.xib */,
				18F28C94269256FB004EEDA2 /* CollectionViewController.swift */,
				18F28C96269256FB004EEDA2 /* Main.storyboard */,
				18F28C99269256FD004EEDA2 /* Assets.xcassets */,
				18F28C9B269256FD004EEDA2 /* LaunchScreen.storyboard */,
				18F28C9E269256FD004EEDA2 /* Info.plist */,
			);
			path = "Prime and Fibonacci numbers";
			sourceTree = "<group>";
		};
/* End PBXGroup section */

/* Begin PBXNativeTarget section */
		18F28C8C269256FB004EEDA2 /* Prime and Fibonacci numbers */ = {
			isa = PBXNativeTarget;
			buildConfigurationList = 18F28CA1269256FD004EEDA2 /* Build configuration list for PBXNativeTarget "Prime and Fibonacci numbers" */;
			buildPhases = (
				18F28C89269256FB004EEDA2 /* Sources */,
				18F28C8A269256FB004EEDA2 /* Frameworks */,
				18F28C8B269256FB004EEDA2 /* Resources */,
			);
			buildRules = (
			);
			dependencies = (
			);
			name = "Prime and Fibonacci numbers";
			productName = "Prime and Fibonacci numbers";
			productReference = 18F28C8D269256FB004EEDA2 /* Prime and Fibonacci numbers.app */;
			productType = "com.apple.product-type.application";
		};
/* End PBXNativeTarget section */

/* Begin PBXProject section */
		18F28C85269256FB004EEDA2 /* Project object */ = {
			isa = PBXProject;
			attributes = {
				LastSwiftUpdateCheck = 1250;
				LastUpgradeCheck = 1250;
				TargetAttributes = {
					18F28C8C269256FB004EEDA2 = {
						CreatedOnToolsVersion = 12.5.1;
					};
				};
			};
			buildConfigurationList = 18F28C88269256FB004EEDA2 /* Build configuration list for PBXProject "Prime and Fibonacci numbers" */;
			compatibilityVersion = "Xcode 9.3";
			developmentRegion = en;
			hasScannedForEncodings = 0;
			knownRegions = (
				en,
				Base,
			);
			mainGroup = 18F28C84269256FB004EEDA2;
			productRefGroup = 18F28C8E269256FB004EEDA2 /* Products */;
			projectDirPath = "";
			projectRoot = "";
			targets = (
				18F28C8C269256FB004EEDA2 /* Prime and Fibonacci numbers */,
			);
		};
/* End PBXProject section */

/* Begin PBXResourcesBuildPhase section */
		18F28C8B269256FB004EEDA2 /* Resources */ = {
			isa = PBXResourcesBuildPhase;
			buildActionMask = 2147483647;
			files = (
				18F28CA726925AC8004EEDA2 /* LoadingReusableView.xib in Resources */,
				18F28CAB26926360004EEDA2 /* CollectionViewItemCell.xib in Resources */,
				18F28C9D269256FD004EEDA2 /* LaunchScreen.storyboard in Resources */,
				18F28C9A269256FD004EEDA2 /* Assets.xcassets in Resources */,
				18F28C98269256FB004EEDA2 /* Main.storyboard in Resources */,
			);
			runOnlyForDeploymentPostprocessing = 0;
		};
/* End PBXResourcesBuildPhase section */

/* Begin PBXSourcesBuildPhase section */
		18F28C89269256FB004EEDA2 /* Sources */ = {
			isa = PBXSourcesBuildPhase;
			buildActionMask = 2147483647;
			files = (
				18F28CA626925AC8004EEDA2 /* LoadingReusableView.swift in Sources */,
				18F28C95269256FB004EEDA2 /* CollectionViewController.swift in Sources */,
				18F28C91269256FB004EEDA2 /* AppDelegate.swift in Sources */,
				18F28CAA26926360004EEDA2 /* CollectionViewItemCell.swift in Sources */,
				18F28C93269256FB004EEDA2 /* SceneDelegate.swift in Sources */,
			);
			runOnlyForDeploymentPostprocessing = 0;
		};
/* End PBXSourcesBuildPhase section */

/* Begin PBXVariantGroup section */
		18F28C96269256FB004EEDA2 /* Main.storyboard */ = {
			isa = PBXVariantGroup;
			children = (
				18F28C97269256FB004EEDA2 /* Base */,
			);
			name = Main.storyboard;
			sourceTree = "<group>";
		};
		18F28C9B269256FD004EEDA2 /* LaunchScreen.storyboard */ = {
			isa = PBXVariantGroup;
			children = (
				18F28C9C269256FD004EEDA2 /* Base */,
			);
			name = LaunchScreen.storyboard;
			sourceTree = "<group>";
		};
/* End PBXVariantGroup section */

/* Begin XCBuildConfiguration section */
		18F28C9F269256FD004EEDA2 /* Debug */ = {
			isa = XCBuildConfiguration;
			buildSettings = {
				ALWAYS_SEARCH_USER_PATHS = NO;
				CLANG_ANALYZER_NONNULL = YES;
				CLANG_ANALYZER_NUMBER_OBJECT_CONVERSION = YES_AGGRESSIVE;
				CLANG_CXX_LANGUAGE_STANDARD = "gnu++14";
				CLANG_CXX_LIBRARY = "libc++";
				CLANG_ENABLE_MODULES = YES;
				CLANG_ENABLE_OBJC_ARC = YES;
				CLANG_ENABLE_OBJC_WEAK = YES;
				CLANG_WARN_BLOCK_CAPTURE_AUTORELEASING = YES;
				CLANG_WARN_BOOL_CONVERSION = YES;
				CLANG_WARN_COMMA = YES;
				CLANG_WARN_CONSTANT_CONVERSION = YES;
				CLANG_WARN_DEPRECATED_OBJC_IMPLEMENTATIONS = YES;
				CLANG_WARN_DIRECT_OBJC_ISA_USAGE = YES_ERROR;
				CLANG_WARN_DOCUMENTATION_COMMENTS = YES;
				CLANG_WARN_EMPTY_BODY = YES;
				CLANG_WARN_ENUM_CONVERSION = YES;
				CLANG_WARN_INFINITE_RECURSION = YES;
				CLANG_WARN_INT_CONVERSION = YES;
				CLANG_WARN_NON_LITERAL_NULL_CONVERSION = YES;
				CLANG_WARN_OBJC_IMPLICIT_RETAIN_SELF = YES;
				CLANG_WARN_OBJC_LITERAL_CONVERSION = YES;
				CLANG_WARN_OBJC_ROOT_CLASS = YES_ERROR;
				CLANG_WARN_QUOTED_INCLUDE_IN_FRAMEWORK_HEADER = YES;
				CLANG_WARN_RANGE_LOOP_ANALYSIS = YES;
				CLANG_WARN_STRICT_PROTOTYPES = YES;
				CLANG_WARN_SUSPICIOUS_MOVE = YES;
				CLANG_WARN_UNGUARDED_AVAILABILITY = YES_AGGRESSIVE;
				CLANG_WARN_UNREACHABLE_CODE = YES;
				CLANG_WARN__DUPLICATE_METHOD_MATCH = YES;
				COPY_PHASE_STRIP = NO;
				DEBUG_INFORMATION_FORMAT = dwarf;
				ENABLE_STRICT_OBJC_MSGSEND = YES;
				ENABLE_TESTABILITY = YES;
				GCC_C_LANGUAGE_STANDARD = gnu11;
				GCC_DYNAMIC_NO_PIC = NO;
				GCC_NO_COMMON_BLOCKS = YES;
				GCC_OPTIMIZATION_LEVEL = 0;
				GCC_PREPROCESSOR_DEFINITIONS = (
					"DEBUG=1",
					"$(inherited)",
				);
				GCC_WARN_64_TO_32_BIT_CONVERSION = YES;
				GCC_WARN_ABOUT_RETURN_TYPE = YES_ERROR;
				GCC_WARN_UNDECLARED_SELECTOR = YES;
				GCC_WARN_UNINITIALIZED_AUTOS = YES_AGGRESSIVE;
				GCC_WARN_UNUSED_FUNCTION = YES;
				GCC_WARN_UNUSED_VARIABLE = YES;
				IPHONEOS_DEPLOYMENT_TARGET = 14.5;
				MTL_ENABLE_DEBUG_INFO = INCLUDE_SOURCE;
				MTL_FAST_MATH = YES;
				ONLY_ACTIVE_ARCH = YES;
				SDKROOT = iphoneos;
				SWIFT_ACTIVE_COMPILATION_CONDITIONS = DEBUG;
				SWIFT_OPTIMIZATION_LEVEL = "-Onone";
			};
			name = Debug;
		};
		18F28CA0269256FD004EEDA2 /* Release */ = {
			isa = XCBuildConfiguration;
			buildSettings = {
				ALWAYS_SEARCH_USER_PATHS = NO;
				CLANG_ANALYZER_NONNULL = YES;
				CLANG_ANALYZER_NUMBER_OBJECT_CONVERSION = YES_AGGRESSIVE;
				CLANG_CXX_LANGUAGE_STANDARD = "gnu++14";
				CLANG_CXX_LIBRARY = "libc++";
				CLANG_ENABLE_MODULES = YES;
				CLANG_ENABLE_OBJC_ARC = YES;
				CLANG_ENABLE_OBJC_WEAK = YES;
				CLANG_WARN_BLOCK_CAPTURE_AUTORELEASING = YES;
				CLANG_WARN_BOOL_CONVERSION = YES;
				CLANG_WARN_COMMA = YES;
				CLANG_WARN_CONSTANT_CONVERSION = YES;
				CLANG_WARN_DEPRECATED_OBJC_IMPLEMENTATIONS = YES;
				CLANG_WARN_DIRECT_OBJC_ISA_USAGE = YES_ERROR;
				CLANG_WARN_DOCUMENTATION_COMMENTS = YES;
				CLANG_WARN_EMPTY_BODY = YES;
				CLANG_WARN_ENUM_CONVERSION = YES;
				CLANG_WARN_INFINITE_RECURSION = YES;
				CLANG_WARN_INT_CONVERSION = YES;
				CLANG_WARN_NON_LITERAL_NULL_CONVERSION = YES;
				CLANG_WARN_OBJC_IMPLICIT_RETAIN_SELF = YES;
				CLANG_WARN_OBJC_LITERAL_CONVERSION = YES;
				CLANG_WARN_OBJC_ROOT_CLASS = YES_ERROR;
				CLANG_WARN_QUOTED_INCLUDE_IN_FRAMEWORK_HEADER = YES;
				CLANG_WARN_RANGE_LOOP_ANALYSIS = YES;
				CLANG_WARN_STRICT_PROTOTYPES = YES;
				CLANG_WARN_SUSPICIOUS_MOVE = YES;
				CLANG_WARN_UNGUARDED_AVAILABILITY = YES_AGGRESSIVE;
				CLANG_WARN_UNREACHABLE_CODE = YES;
				CLANG_WARN__DUPLICATE_METHOD_MATCH = YES;
				COPY_PHASE_STRIP = NO;
				DEBUG_INFORMATION_FORMAT = "dwarf-with-dsym";
				ENABLE_NS_ASSERTIONS = NO;
				ENABLE_STRICT_OBJC_MSGSEND = YES;
				GCC_C_LANGUAGE_STANDARD = gnu11;
				GCC_NO_COMMON_BLOCKS = YES;
				GCC_WARN_64_TO_32_BIT_CONVERSION = YES;
				GCC_WARN_ABOUT_RETURN_TYPE = YES_ERROR;
				GCC_WARN_UNDECLARED_SELECTOR = YES;
				GCC_WARN_UNINITIALIZED_AUTOS = YES_AGGRESSIVE;
				GCC_WARN_UNUSED_FUNCTION = YES;
				GCC_WARN_UNUSED_VARIABLE = YES;
				IPHONEOS_DEPLOYMENT_TARGET = 14.5;
				MTL_ENABLE_DEBUG_INFO = NO;
				MTL_FAST_MATH = YES;
				SDKROOT = iphoneos;
				SWIFT_COMPILATION_MODE = wholemodule;
				SWIFT_OPTIMIZATION_LEVEL = "-O";
				VALIDATE_PRODUCT = YES;
			};
			name = Release;
		};
		18F28CA2269256FD004EEDA2 /* Debug */ = {
			isa = XCBuildConfiguration;
			buildSettings = {
				ASSETCATALOG_COMPILER_APPICON_NAME = AppIcon;
				ASSETCATALOG_COMPILER_GLOBAL_ACCENT_COLOR_NAME = AccentColor;
				CODE_SIGN_STYLE = Automatic;
				DEVELOPMENT_TEAM = RRAQ4U897N;
				INFOPLIST_FILE = "Prime and Fibonacci numbers/Info.plist";
				LD_RUNPATH_SEARCH_PATHS = (
					"$(inherited)",
					"@executable_path/Frameworks",
				);
				PRODUCT_BUNDLE_IDENTIFIER = "Sergey-Druzhinin.Prime-and-Fibonacci-numbers";
				PRODUCT_NAME = "$(TARGET_NAME)";
				SWIFT_VERSION = 5.0;
				TARGETED_DEVICE_FAMILY = 1;
			};
			name = Debug;
		};
		18F28CA3269256FD004EEDA2 /* Release */ = {
			isa = XCBuildConfiguration;
			buildSettings = {
				ASSETCATALOG_COMPILER_APPICON_NAME = AppIcon;
				ASSETCATALOG_COMPILER_GLOBAL_ACCENT_COLOR_NAME = AccentColor;
				CODE_SIGN_STYLE = Automatic;
				DEVELOPMENT_TEAM = RRAQ4U897N;
				INFOPLIST_FILE = "Prime and Fibonacci numbers/Info.plist";
				LD_RUNPATH_SEARCH_PATHS = (
					"$(inherited)",
					"@executable_path/Frameworks",
				);
				PRODUCT_BUNDLE_IDENTIFIER = "Sergey-Druzhinin.Prime-and-Fibonacci-numbers";
				PRODUCT_NAME = "$(TARGET_NAME)";
				SWIFT_VERSION = 5.0;
				TARGETED_DEVICE_FAMILY = 1;
			};
			name = Release;
		};
/* End XCBuildConfiguration section */

/* Begin XCConfigurationList section */
		18F28C88269256FB004EEDA2 /* Build configuration list for PBXProject "Prime and Fibonacci numbers" */ = {
			isa = XCConfigurationList;
			buildConfigurations = (
				18F28C9F269256FD004EEDA2 /* Debug */,
				18F28CA0269256FD004EEDA2 /* Release */,
			);
			defaultConfigurationIsVisible = 0;
			defaultConfigurationName = Release;
		};
		18F28CA1269256FD004EEDA2 /* Build configuration list for PBXNativeTarget "Prime and Fibonacci numbers" */ = {
			isa = XCConfigurationList;
			buildConfigurations = (
				18F28CA2269256FD004EEDA2 /* Debug */,
				18F28CA3269256FD004EEDA2 /* Release */,
			);
			defaultConfigurationIsVisible = 0;
			defaultConfigurationName = Release;
		};
/* End XCConfigurationList section */
	};
	rootObject = 18F28C85269256FB004EEDA2 /* Project object */;
}
